
Microsoft Visual Studio Solution File, Format Version 12.00
# Visual Studio Version 17
VisualStudioVersion = 17.4.33103.184
MinimumVisualStudioVersion = 10.0.40219.1
Project("{FAE04EC0-301F-11D3-BF4B-00C04F79EFBC}") = "Nuolikauppias", "Nuolikauppias.csproj", "{1FCFC58A-9E12-4FE3-B6FC-47E35FD62357}"
EndProject
Global
	GlobalSection(SolutionConfigurationPlatforms) = preSolution
		Debug|Any CPU = Debug|Any CPU
		Release|Any CPU = Release|Any CPU
	EndGlobalSection
	GlobalSection(ProjectConfigurationPlatforms) = postSolution
		{1FCFC58A-9E12-4FE3-B6FC-47E35FD62357}.Debug|Any CPU.ActiveCfg = Debug|Any CPU
		{1FCFC58A-9E12-4FE3-B6FC-47E35FD62357}.Debug|Any CPU.Build.0 = Debug|Any CPU
		{1FCFC58A-9E12-4FE3-B6FC-47E35FD62357}.Release|Any CPU.ActiveCfg = Release|Any CPU
		{1FCFC58A-9E12-4FE3-B6FC-47E35FD62357}.Release|Any CPU.Build.0 = Release|Any CPU
	EndGlobalSection
	GlobalSection(SolutionProperties) = preSolution
		HideSolutionNode = FALSE
	EndGlobalSection
	GlobalSection(ExtensibilityGlobals) = postSolution
		SolutionGuid = {FC1BAD02-3E86-487B-A005-981C7A1C035D}
	EndGlobalSection
EndGlobal
