
Microsoft Visual Studio Solution File, Format Version 12.00
# Visual Studio Version 17
VisualStudioVersion = 17.4.33103.184
MinimumVisualStudioVersion = 10.0.40219.1
Project("{FAE04EC0-301F-11D3-BF4B-00C04F79EFBC}") = "Ovi", "Ovi.csproj", "{BE737236-A11C-4AE1-B16E-A0413EE93EAC}"
EndProject
Global
	GlobalSection(SolutionConfigurationPlatforms) = preSolution
		Debug|Any CPU = Debug|Any CPU
		Release|Any CPU = Release|Any CPU
	EndGlobalSection
	GlobalSection(ProjectConfigurationPlatforms) = postSolution
		{BE737236-A11C-4AE1-B16E-A0413EE93EAC}.Debug|Any CPU.ActiveCfg = Debug|Any CPU
		{BE737236-A11C-4AE1-B16E-A0413EE93EAC}.Debug|Any CPU.Build.0 = Debug|Any CPU
		{BE737236-A11C-4AE1-B16E-A0413EE93EAC}.Release|Any CPU.ActiveCfg = Release|Any CPU
		{BE737236-A11C-4AE1-B16E-A0413EE93EAC}.Release|Any CPU.Build.0 = Release|Any CPU
	EndGlobalSection
	GlobalSection(SolutionProperties) = preSolution
		HideSolutionNode = FALSE
	EndGlobalSection
	GlobalSection(ExtensibilityGlobals) = postSolution
		SolutionGuid = {DE2C1C60-54BA-46D5-8214-84F017CBFFD4}
	EndGlobalSection
EndGlobal
